# @generated by Move, please check-in and do not edit manually.

[move]
version = 2
manifest_digest = "816B4CCD9C9810EF3A1BEE331194A3428F96277FEE30830484550CE1E730FD74"
deps_digest = "F8BBB0CCB2491CA29A3DF03D6F92277A4F3574266507ACD77214D37ECA3F3082"
dependencies = [
  { name = "Sui" },
]

[[move.package]]
name = "MoveStdlib"
source = { git = "https://github.com/MystenLabs/sui.git", rev = "framework/devnet", subdir = "crates/sui-framework/packages/move-stdlib" }

[[move.package]]
name = "Sui"
source = { git = "https://github.com/MystenLabs/sui.git", rev = "framework/devnet", subdir = "crates/sui-framework/packages/sui-framework" }

dependencies = [
  { name = "MoveStdlib" },
]

[move.toolchain-version]
compiler-version = "1.23.1"
edition = "2024.beta"
flavor = "sui"

[env]

[env.devnet]
chain-id = "f4950f51"
original-published-id = "0x61b71850717380debb970fb6efcfa7427f93a311ac8e3350a39366a9fe19f0eb"
latest-published-id = "0x61b71850717380debb970fb6efcfa7427f93a311ac8e3350a39366a9fe19f0eb"
published-version = "1"
